
Microsoft Visual Studio Solution File, Format Version 12.00
Project("{FAE04EC0-301F-11D3-BF4B-00C04F79EFBC}") = "CustomScripts", "CustomScripts\CustomScripts.csproj", "{EE7C1593-2B58-459A-B36D-F1CD515E189B}"
EndProject
Global
	GlobalSection(SolutionConfigurationPlatforms) = preSolution
		Debug|Any CPU = Debug|Any CPU
		Release|Any CPU = Release|Any CPU
	EndGlobalSection
	GlobalSection(ProjectConfigurationPlatforms) = postSolution
		{EE7C1593-2B58-459A-B36D-F1CD515E189B}.Debug|Any CPU.ActiveCfg = Debug|Any CPU
		{EE7C1593-2B58-459A-B36D-F1CD515E189B}.Debug|Any CPU.Build.0 = Debug|Any CPU
		{EE7C1593-2B58-459A-B36D-F1CD515E189B}.Release|Any CPU.ActiveCfg = Release|Any CPU
		{EE7C1593-2B58-459A-B36D-F1CD515E189B}.Release|Any CPU.Build.0 = Release|Any CPU
	EndGlobalSection
EndGlobal
